
Microsoft Visual Studio Solution File, Format Version 12.00
# Visual Studio Version 18
VisualStudioVersion = 18.2.11415.280 d18.0
MinimumVisualStudioVersion = 10.0.40219.1
Project("{FAE04EC0-301F-11D3-BF4B-00C04F79EFBC}") = "IPConverter", "IPConverter\IPConverter.csproj", "{C5424DCE-060B-D5AA-9C4B-DB44C3A012D9}"
EndProject
Global
	GlobalSection(SolutionConfigurationPlatforms) = preSolution
		Debug|Any CPU = Debug|Any CPU
		Release|Any CPU = Release|Any CPU
	EndGlobalSection
	GlobalSection(ProjectConfigurationPlatforms) = postSolution
		{C5424DCE-060B-D5AA-9C4B-DB44C3A012D9}.Debug|Any CPU.ActiveCfg = Debug|Any CPU
		{C5424DCE-060B-D5AA-9C4B-DB44C3A012D9}.Debug|Any CPU.Build.0 = Debug|Any CPU
		{C5424DCE-060B-D5AA-9C4B-DB44C3A012D9}.Release|Any CPU.ActiveCfg = Release|Any CPU
		{C5424DCE-060B-D5AA-9C4B-DB44C3A012D9}.Release|Any CPU.Build.0 = Release|Any CPU
	EndGlobalSection
	GlobalSection(SolutionProperties) = preSolution
		HideSolutionNode = FALSE
	EndGlobalSection
	GlobalSection(ExtensibilityGlobals) = postSolution
		SolutionGuid = {AC00F1F0-9151-4B5F-8BE1-5A0295459FE4}
	EndGlobalSection
EndGlobal
